
Microsoft Visual Studio Solution File, Format Version 12.00
# Visual Studio Version 17
VisualStudioVersion = 17.0.31903.59
MinimumVisualStudioVersion = 10.0.40219.1
Project("{2150E333-8FDC-42A3-9474-1A3956D46DE8}") = "framework", "framework", "{9A0CCAB9-4303-13B4-2371-F1B97FF5B728}"
EndProject
Project("{2150E333-8FDC-42A3-9474-1A3956D46DE8}") = "common", "common", "{C33A11B5-8499-F37B-A052-6CE695C60D4A}"
EndProject
Project("{FAE04EC0-301F-11D3-BF4B-00C04F79EFBC}") = "RuiChen.Abp.AspNetCore.HttpOverrides", "framework\common\RuiChen.Abp.AspNetCore.HttpOverrides\RuiChen.Abp.AspNetCore.HttpOverrides.csproj", "{7A993C69-9D74-4AB8-AB9E-3933C7A4835E}"
EndProject
Project("{FAE04EC0-301F-11D3-BF4B-00C04F79EFBC}") = "RuiChen.Abp.Data.DbMigrator", "framework\common\RuiChen.Abp.Data.DbMigrator\RuiChen.Abp.Data.DbMigrator.csproj", "{DFD2A689-9068-418F-B008-2B24F0EAEF2D}"
EndProject
Project("{FAE04EC0-301F-11D3-BF4B-00C04F79EFBC}") = "RuiChen.Abp.EventBus.CAP", "framework\common\RuiChen.Abp.EventBus.CAP\RuiChen.Abp.EventBus.CAP.csproj", "{538D0126-D5A0-48F8-A65E-7262A5120CB0}"
EndProject
Project("{FAE04EC0-301F-11D3-BF4B-00C04F79EFBC}") = "RuiChen.Abp.IdGenerator", "framework\common\RuiChen.Abp.IdGenerator\RuiChen.Abp.IdGenerator.csproj", "{DB321C1C-33AC-4066-B2A6-B53CC22E202E}"
EndProject
Project("{FAE04EC0-301F-11D3-BF4B-00C04F79EFBC}") = "RuiChen.Abp.IP.Location", "framework\common\RuiChen.Abp.IP.Location\RuiChen.Abp.IP.Location.csproj", "{47C401C8-2496-45B6-B889-C113B6E4D318}"
EndProject
Project("{FAE04EC0-301F-11D3-BF4B-00C04F79EFBC}") = "RuiChen.Abp.IP2Region", "framework\common\RuiChen.Abp.IP2Region\RuiChen.Abp.IP2Region.csproj", "{0574C1A8-CD20-456F-A1F6-0074BB53B20D}"
EndProject
Project("{2150E333-8FDC-42A3-9474-1A3956D46DE8}") = "auditing", "auditing", "{420B5136-E56B-6685-B322-AB6AB30BAA61}"
EndProject
Project("{FAE04EC0-301F-11D3-BF4B-00C04F79EFBC}") = "RuiChen.Abp.AuditLogging", "framework\auditing\RuiChen.Abp.AuditLogging\RuiChen.Abp.AuditLogging.csproj", "{7EBF774E-104F-48A4-AF60-4A7EC92E6615}"
EndProject
Project("{FAE04EC0-301F-11D3-BF4B-00C04F79EFBC}") = "RuiChen.Abp.AuditLogging.Elasticsearch", "framework\auditing\RuiChen.Abp.AuditLogging.Elasticsearch\RuiChen.Abp.AuditLogging.Elasticsearch.csproj", "{23498846-B9B8-484C-8454-D15D89BC086B}"
EndProject
Project("{FAE04EC0-301F-11D3-BF4B-00C04F79EFBC}") = "RuiChen.Abp.AuditLogging.EntityFrameworkCore", "framework\auditing\RuiChen.Abp.AuditLogging.EntityFrameworkCore\RuiChen.Abp.AuditLogging.EntityFrameworkCore.csproj", "{A5C69340-2B3B-40A6-AEDA-D419C352DBD9}"
EndProject
Project("{FAE04EC0-301F-11D3-BF4B-00C04F79EFBC}") = "RuiChen.Abp.AuditLogging.IP.Location", "framework\auditing\RuiChen.Abp.AuditLogging.IP.Location\RuiChen.Abp.AuditLogging.IP.Location.csproj", "{C79CC6A5-7C64-4F45-BB78-353EC625AA47}"
EndProject
Project("{2150E333-8FDC-42A3-9474-1A3956D46DE8}") = "0.Solution Items", "0.Solution Items", "{02EA681E-C7D8-13C7-8484-4AC65E1B71E8}"
	ProjectSection(SolutionItems) = preProject
		..\Directory.Build.Other.props = ..\Directory.Build.Other.props
		..\Directory.Build.targets = ..\Directory.Build.targets
		..\Directory.Build.Volo.props = ..\Directory.Build.Volo.props
		..\NuGet.Config = ..\NuGet.Config
	EndProjectSection
EndProject
Project("{2150E333-8FDC-42A3-9474-1A3956D46DE8}") = "elasticsearch", "elasticsearch", "{8637373A-B736-A9E6-1423-0B847DE74C4C}"
EndProject
Project("{FAE04EC0-301F-11D3-BF4B-00C04F79EFBC}") = "RuiChen.Abp.Elasticsearch", "framework\elasticsearch\RuiChen.Abp.Elasticsearch\RuiChen.Abp.Elasticsearch.csproj", "{EE8B49C9-E832-430C-8D78-E085B1F2610C}"
EndProject
Project("{2150E333-8FDC-42A3-9474-1A3956D46DE8}") = "entity-change", "entity-change", "{A1FADE4B-3756-540A-C571-402F0DB1A54E}"
EndProject
Project("{FAE04EC0-301F-11D3-BF4B-00C04F79EFBC}") = "RuiChen.Abp.EntityChange.Application", "framework\entity-change\RuiChen.Abp.EntityChange.Application\RuiChen.Abp.EntityChange.Application.csproj", "{0520F811-FD04-41A4-A386-8F30BF310378}"
EndProject
Project("{FAE04EC0-301F-11D3-BF4B-00C04F79EFBC}") = "RuiChen.Abp.EntityChange.Application.Contracts", "framework\entity-change\RuiChen.Abp.EntityChange.Application.Contracts\RuiChen.Abp.EntityChange.Application.Contracts.csproj", "{FED840E9-A58D-4661-8884-ECE88AD44519}"
EndProject
Project("{FAE04EC0-301F-11D3-BF4B-00C04F79EFBC}") = "RuiChen.Abp.EntityChange.HttpApi", "framework\entity-change\RuiChen.Abp.EntityChange.HttpApi\RuiChen.Abp.EntityChange.HttpApi.csproj", "{17C82910-1EA2-45F0-A017-4003ECBA00C6}"
EndProject
Project("{2150E333-8FDC-42A3-9474-1A3956D46DE8}") = "exception-handling", "exception-handling", "{91F8661D-D5FF-119B-76C7-2179EBDF43C6}"
EndProject
Project("{FAE04EC0-301F-11D3-BF4B-00C04F79EFBC}") = "RuiChen.Abp.ExceptionHandling", "framework\exception-handling\RuiChen.Abp.ExceptionHandling\RuiChen.Abp.ExceptionHandling.csproj", "{D8345D95-3E44-4674-9BDB-DAC751698123}"
EndProject
Project("{FAE04EC0-301F-11D3-BF4B-00C04F79EFBC}") = "RuiChen.Abp.ExceptionHandling.Emailing", "framework\exception-handling\RuiChen.Abp.ExceptionHandling.Emailing\RuiChen.Abp.ExceptionHandling.Emailing.csproj", "{11559B6B-6AF3-4E6C-BCE4-5433EFBFAEBB}"
EndProject
Project("{2150E333-8FDC-42A3-9474-1A3956D46DE8}") = "exporter", "exporter", "{E8CC051A-B9DA-ED33-DC16-5BADC5B96054}"
EndProject
Project("{FAE04EC0-301F-11D3-BF4B-00C04F79EFBC}") = "RuiChen.Abp.Exporter.Core", "framework\exporter\RuiChen.Abp.Exporter.Core\RuiChen.Abp.Exporter.Core.csproj", "{09716785-E8E1-4CCA-A765-8E96BAA48257}"
EndProject
Project("{FAE04EC0-301F-11D3-BF4B-00C04F79EFBC}") = "RuiChen.Abp.Exporter.MagicodesIE.Excel", "framework\exporter\RuiChen.Abp.Exporter.MagicodesIE.Excel\RuiChen.Abp.Exporter.MagicodesIE.Excel.csproj", "{6E7E72AB-26CF-4B9D-8FF8-96D882B9D4A4}"
EndProject
Project("{FAE04EC0-301F-11D3-BF4B-00C04F79EFBC}") = "RuiChen.Abp.Exporter.MiniExcel", "framework\exporter\RuiChen.Abp.Exporter.MiniExcel\RuiChen.Abp.Exporter.MiniExcel.csproj", "{E1CD4EFF-E91D-4E40-B3A8-99B072EE00E8}"
EndProject
Project("{2150E333-8FDC-42A3-9474-1A3956D46DE8}") = "features", "features", "{776AB0BF-F179-2C71-EA91-01022987C95E}"
EndProject
Project("{FAE04EC0-301F-11D3-BF4B-00C04F79EFBC}") = "RuiChen.Abp.FeatureManagement.Client", "framework\features\RuiChen.Abp.FeatureManagement.Client\RuiChen.Abp.FeatureManagement.Client.csproj", "{3272DC93-1B89-40C2-B186-57775426538F}"
EndProject
Project("{FAE04EC0-301F-11D3-BF4B-00C04F79EFBC}") = "RuiChen.Abp.Features.Client", "framework\features\RuiChen.Abp.Features.Client\RuiChen.Abp.Features.Client.csproj", "{2C299349-142F-4C1C-A449-1C36645864F4}"
EndProject
Project("{FAE04EC0-301F-11D3-BF4B-00C04F79EFBC}") = "RuiChen.Abp.Features.LimitValidation", "framework\features\RuiChen.Abp.Features.LimitValidation\RuiChen.Abp.Features.LimitValidation.csproj", "{2828EBAF-B43F-46E5-9227-68063D44DB9F}"
EndProject
Project("{FAE04EC0-301F-11D3-BF4B-00C04F79EFBC}") = "RuiChen.Abp.Features.LimitValidation.Redis", "framework\features\RuiChen.Abp.Features.LimitValidation.Redis\RuiChen.Abp.Features.LimitValidation.Redis.csproj", "{9F1CCFF0-52EA-404B-A063-EDD86A278F17}"
EndProject
Project("{FAE04EC0-301F-11D3-BF4B-00C04F79EFBC}") = "RuiChen.Abp.Features.LimitValidation.Redis.Client", "framework\features\RuiChen.Abp.Features.LimitValidation.Redis.Client\RuiChen.Abp.Features.LimitValidation.Redis.Client.csproj", "{E1499DAB-BB25-4608-AC21-44F90E4DF079}"
EndProject
Project("{2150E333-8FDC-42A3-9474-1A3956D46DE8}") = "localization", "localization", "{BF25F13E-8230-9829-71C2-69F4CD13102F}"
EndProject
Project("{FAE04EC0-301F-11D3-BF4B-00C04F79EFBC}") = "RuiChen.Abp.AspNetCore.Mvc.Localization", "framework\localization\RuiChen.Abp.AspNetCore.Mvc.Localization\RuiChen.Abp.AspNetCore.Mvc.Localization.csproj", "{11CBDFCF-14C2-4B64-9394-142B011C5432}"
EndProject
Project("{FAE04EC0-301F-11D3-BF4B-00C04F79EFBC}") = "RuiChen.Abp.Localization.CultureMap", "framework\localization\RuiChen.Abp.Localization.CultureMap\RuiChen.Abp.Localization.CultureMap.csproj", "{2040E830-F8B7-4E2F-BAF0-D99C92782B57}"
EndProject
Project("{FAE04EC0-301F-11D3-BF4B-00C04F79EFBC}") = "RuiChen.Abp.Localization.Xml", "framework\localization\RuiChen.Abp.Localization.Xml\RuiChen.Abp.Localization.Xml.csproj", "{576287E1-F5D0-4848-9267-96F4011DF478}"
EndProject
Global
	GlobalSection(SolutionConfigurationPlatforms) = preSolution
		Debug|Any CPU = Debug|Any CPU
		Debug|x64 = Debug|x64
		Debug|x86 = Debug|x86
		Release|Any CPU = Release|Any CPU
		Release|x64 = Release|x64
		Release|x86 = Release|x86
	EndGlobalSection
	GlobalSection(ProjectConfigurationPlatforms) = postSolution
		{7A993C69-9D74-4AB8-AB9E-3933C7A4835E}.Debug|Any CPU.ActiveCfg = Debug|Any CPU
		{7A993C69-9D74-4AB8-AB9E-3933C7A4835E}.Debug|Any CPU.Build.0 = Debug|Any CPU
		{7A993C69-9D74-4AB8-AB9E-3933C7A4835E}.Debug|x64.ActiveCfg = Debug|Any CPU
		{7A993C69-9D74-4AB8-AB9E-3933C7A4835E}.Debug|x64.Build.0 = Debug|Any CPU
		{7A993C69-9D74-4AB8-AB9E-3933C7A4835E}.Debug|x86.ActiveCfg = Debug|Any CPU
		{7A993C69-9D74-4AB8-AB9E-3933C7A4835E}.Debug|x86.Build.0 = Debug|Any CPU
		{7A993C69-9D74-4AB8-AB9E-3933C7A4835E}.Release|Any CPU.ActiveCfg = Release|Any CPU
		{7A993C69-9D74-4AB8-AB9E-3933C7A4835E}.Release|Any CPU.Build.0 = Release|Any CPU
		{7A993C69-9D74-4AB8-AB9E-3933C7A4835E}.Release|x64.ActiveCfg = Release|Any CPU
		{7A993C69-9D74-4AB8-AB9E-3933C7A4835E}.Release|x64.Build.0 = Release|Any CPU
		{7A993C69-9D74-4AB8-AB9E-3933C7A4835E}.Release|x86.ActiveCfg = Release|Any CPU
		{7A993C69-9D74-4AB8-AB9E-3933C7A4835E}.Release|x86.Build.0 = Release|Any CPU
		{DFD2A689-9068-418F-B008-2B24F0EAEF2D}.Debug|Any CPU.ActiveCfg = Debug|Any CPU
		{DFD2A689-9068-418F-B008-2B24F0EAEF2D}.Debug|Any CPU.Build.0 = Debug|Any CPU
		{DFD2A689-9068-418F-B008-2B24F0EAEF2D}.Debug|x64.ActiveCfg = Debug|Any CPU
		{DFD2A689-9068-418F-B008-2B24F0EAEF2D}.Debug|x64.Build.0 = Debug|Any CPU
		{DFD2A689-9068-418F-B008-2B24F0EAEF2D}.Debug|x86.ActiveCfg = Debug|Any CPU
		{DFD2A689-9068-418F-B008-2B24F0EAEF2D}.Debug|x86.Build.0 = Debug|Any CPU
		{DFD2A689-9068-418F-B008-2B24F0EAEF2D}.Release|Any CPU.ActiveCfg = Release|Any CPU
		{DFD2A689-9068-418F-B008-2B24F0EAEF2D}.Release|Any CPU.Build.0 = Release|Any CPU
		{DFD2A689-9068-418F-B008-2B24F0EAEF2D}.Release|x64.ActiveCfg = Release|Any CPU
		{DFD2A689-9068-418F-B008-2B24F0EAEF2D}.Release|x64.Build.0 = Release|Any CPU
		{DFD2A689-9068-418F-B008-2B24F0EAEF2D}.Release|x86.ActiveCfg = Release|Any CPU
		{DFD2A689-9068-418F-B008-2B24F0EAEF2D}.Release|x86.Build.0 = Release|Any CPU
		{538D0126-D5A0-48F8-A65E-7262A5120CB0}.Debug|Any CPU.ActiveCfg = Debug|Any CPU
		{538D0126-D5A0-48F8-A65E-7262A5120CB0}.Debug|Any CPU.Build.0 = Debug|Any CPU
		{538D0126-D5A0-48F8-A65E-7262A5120CB0}.Debug|x64.ActiveCfg = Debug|Any CPU
		{538D0126-D5A0-48F8-A65E-7262A5120CB0}.Debug|x64.Build.0 = Debug|Any CPU
		{538D0126-D5A0-48F8-A65E-7262A5120CB0}.Debug|x86.ActiveCfg = Debug|Any CPU
		{538D0126-D5A0-48F8-A65E-7262A5120CB0}.Debug|x86.Build.0 = Debug|Any CPU
		{538D0126-D5A0-48F8-A65E-7262A5120CB0}.Release|Any CPU.ActiveCfg = Release|Any CPU
		{538D0126-D5A0-48F8-A65E-7262A5120CB0}.Release|Any CPU.Build.0 = Release|Any CPU
		{538D0126-D5A0-48F8-A65E-7262A5120CB0}.Release|x64.ActiveCfg = Release|Any CPU
		{538D0126-D5A0-48F8-A65E-7262A5120CB0}.Release|x64.Build.0 = Release|Any CPU
		{538D0126-D5A0-48F8-A65E-7262A5120CB0}.Release|x86.ActiveCfg = Release|Any CPU
		{538D0126-D5A0-48F8-A65E-7262A5120CB0}.Release|x86.Build.0 = Release|Any CPU
		{DB321C1C-33AC-4066-B2A6-B53CC22E202E}.Debug|Any CPU.ActiveCfg = Debug|Any CPU
		{DB321C1C-33AC-4066-B2A6-B53CC22E202E}.Debug|Any CPU.Build.0 = Debug|Any CPU
		{DB321C1C-33AC-4066-B2A6-B53CC22E202E}.Debug|x64.ActiveCfg = Debug|Any CPU
		{DB321C1C-33AC-4066-B2A6-B53CC22E202E}.Debug|x64.Build.0 = Debug|Any CPU
		{DB321C1C-33AC-4066-B2A6-B53CC22E202E}.Debug|x86.ActiveCfg = Debug|Any CPU
		{DB321C1C-33AC-4066-B2A6-B53CC22E202E}.Debug|x86.Build.0 = Debug|Any CPU
		{DB321C1C-33AC-4066-B2A6-B53CC22E202E}.Release|Any CPU.ActiveCfg = Release|Any CPU
		{DB321C1C-33AC-4066-B2A6-B53CC22E202E}.Release|Any CPU.Build.0 = Release|Any CPU
		{DB321C1C-33AC-4066-B2A6-B53CC22E202E}.Release|x64.ActiveCfg = Release|Any CPU
		{DB321C1C-33AC-4066-B2A6-B53CC22E202E}.Release|x64.Build.0 = Release|Any CPU
		{DB321C1C-33AC-4066-B2A6-B53CC22E202E}.Release|x86.ActiveCfg = Release|Any CPU
		{DB321C1C-33AC-4066-B2A6-B53CC22E202E}.Release|x86.Build.0 = Release|Any CPU
		{47C401C8-2496-45B6-B889-C113B6E4D318}.Debug|Any CPU.ActiveCfg = Debug|Any CPU
		{47C401C8-2496-45B6-B889-C113B6E4D318}.Debug|Any CPU.Build.0 = Debug|Any CPU
		{47C401C8-2496-45B6-B889-C113B6E4D318}.Debug|x64.ActiveCfg = Debug|Any CPU
		{47C401C8-2496-45B6-B889-C113B6E4D318}.Debug|x64.Build.0 = Debug|Any CPU
		{47C401C8-2496-45B6-B889-C113B6E4D318}.Debug|x86.ActiveCfg = Debug|Any CPU
		{47C401C8-2496-45B6-B889-C113B6E4D318}.Debug|x86.Build.0 = Debug|Any CPU
		{47C401C8-2496-45B6-B889-C113B6E4D318}.Release|Any CPU.ActiveCfg = Release|Any CPU
		{47C401C8-2496-45B6-B889-C113B6E4D318}.Release|Any CPU.Build.0 = Release|Any CPU
		{47C401C8-2496-45B6-B889-C113B6E4D318}.Release|x64.ActiveCfg = Release|Any CPU
		{47C401C8-2496-45B6-B889-C113B6E4D318}.Release|x64.Build.0 = Release|Any CPU
		{47C401C8-2496-45B6-B889-C113B6E4D318}.Release|x86.ActiveCfg = Release|Any CPU
		{47C401C8-2496-45B6-B889-C113B6E4D318}.Release|x86.Build.0 = Release|Any CPU
		{0574C1A8-CD20-456F-A1F6-0074BB53B20D}.Debug|Any CPU.ActiveCfg = Debug|Any CPU
		{0574C1A8-CD20-456F-A1F6-0074BB53B20D}.Debug|Any CPU.Build.0 = Debug|Any CPU
		{0574C1A8-CD20-456F-A1F6-0074BB53B20D}.Debug|x64.ActiveCfg = Debug|Any CPU
		{0574C1A8-CD20-456F-A1F6-0074BB53B20D}.Debug|x64.Build.0 = Debug|Any CPU
		{0574C1A8-CD20-456F-A1F6-0074BB53B20D}.Debug|x86.ActiveCfg = Debug|Any CPU
		{0574C1A8-CD20-456F-A1F6-0074BB53B20D}.Debug|x86.Build.0 = Debug|Any CPU
		{0574C1A8-CD20-456F-A1F6-0074BB53B20D}.Release|Any CPU.ActiveCfg = Release|Any CPU
		{0574C1A8-CD20-456F-A1F6-0074BB53B20D}.Release|Any CPU.Build.0 = Release|Any CPU
		{0574C1A8-CD20-456F-A1F6-0074BB53B20D}.Release|x64.ActiveCfg = Release|Any CPU
		{0574C1A8-CD20-456F-A1F6-0074BB53B20D}.Release|x64.Build.0 = Release|Any CPU
		{0574C1A8-CD20-456F-A1F6-0074BB53B20D}.Release|x86.ActiveCfg = Release|Any CPU
		{0574C1A8-CD20-456F-A1F6-0074BB53B20D}.Release|x86.Build.0 = Release|Any CPU
		{7EBF774E-104F-48A4-AF60-4A7EC92E6615}.Debug|Any CPU.ActiveCfg = Debug|Any CPU
		{7EBF774E-104F-48A4-AF60-4A7EC92E6615}.Debug|Any CPU.Build.0 = Debug|Any CPU
		{7EBF774E-104F-48A4-AF60-4A7EC92E6615}.Debug|x64.ActiveCfg = Debug|Any CPU
		{7EBF774E-104F-48A4-AF60-4A7EC92E6615}.Debug|x64.Build.0 = Debug|Any CPU
		{7EBF774E-104F-48A4-AF60-4A7EC92E6615}.Debug|x86.ActiveCfg = Debug|Any CPU
		{7EBF774E-104F-48A4-AF60-4A7EC92E6615}.Debug|x86.Build.0 = Debug|Any CPU
		{7EBF774E-104F-48A4-AF60-4A7EC92E6615}.Release|Any CPU.ActiveCfg = Release|Any CPU
		{7EBF774E-104F-48A4-AF60-4A7EC92E6615}.Release|Any CPU.Build.0 = Release|Any CPU
		{7EBF774E-104F-48A4-AF60-4A7EC92E6615}.Release|x64.ActiveCfg = Release|Any CPU
		{7EBF774E-104F-48A4-AF60-4A7EC92E6615}.Release|x64.Build.0 = Release|Any CPU
		{7EBF774E-104F-48A4-AF60-4A7EC92E6615}.Release|x86.ActiveCfg = Release|Any CPU
		{7EBF774E-104F-48A4-AF60-4A7EC92E6615}.Release|x86.Build.0 = Release|Any CPU
		{23498846-B9B8-484C-8454-D15D89BC086B}.Debug|Any CPU.ActiveCfg = Debug|Any CPU
		{23498846-B9B8-484C-8454-D15D89BC086B}.Debug|Any CPU.Build.0 = Debug|Any CPU
		{23498846-B9B8-484C-8454-D15D89BC086B}.Debug|x64.ActiveCfg = Debug|Any CPU
		{23498846-B9B8-484C-8454-D15D89BC086B}.Debug|x64.Build.0 = Debug|Any CPU
		{23498846-B9B8-484C-8454-D15D89BC086B}.Debug|x86.ActiveCfg = Debug|Any CPU
		{23498846-B9B8-484C-8454-D15D89BC086B}.Debug|x86.Build.0 = Debug|Any CPU
		{23498846-B9B8-484C-8454-D15D89BC086B}.Release|Any CPU.ActiveCfg = Release|Any CPU
		{23498846-B9B8-484C-8454-D15D89BC086B}.Release|Any CPU.Build.0 = Release|Any CPU
		{23498846-B9B8-484C-8454-D15D89BC086B}.Release|x64.ActiveCfg = Release|Any CPU
		{23498846-B9B8-484C-8454-D15D89BC086B}.Release|x64.Build.0 = Release|Any CPU
		{23498846-B9B8-484C-8454-D15D89BC086B}.Release|x86.ActiveCfg = Release|Any CPU
		{23498846-B9B8-484C-8454-D15D89BC086B}.Release|x86.Build.0 = Release|Any CPU
		{A5C69340-2B3B-40A6-AEDA-D419C352DBD9}.Debug|Any CPU.ActiveCfg = Debug|Any CPU
		{A5C69340-2B3B-40A6-AEDA-D419C352DBD9}.Debug|Any CPU.Build.0 = Debug|Any CPU
		{A5C69340-2B3B-40A6-AEDA-D419C352DBD9}.Debug|x64.ActiveCfg = Debug|Any CPU
		{A5C69340-2B3B-40A6-AEDA-D419C352DBD9}.Debug|x64.Build.0 = Debug|Any CPU
		{A5C69340-2B3B-40A6-AEDA-D419C352DBD9}.Debug|x86.ActiveCfg = Debug|Any CPU
		{A5C69340-2B3B-40A6-AEDA-D419C352DBD9}.Debug|x86.Build.0 = Debug|Any CPU
		{A5C69340-2B3B-40A6-AEDA-D419C352DBD9}.Release|Any CPU.ActiveCfg = Release|Any CPU
		{A5C69340-2B3B-40A6-AEDA-D419C352DBD9}.Release|Any CPU.Build.0 = Release|Any CPU
		{A5C69340-2B3B-40A6-AEDA-D419C352DBD9}.Release|x64.ActiveCfg = Release|Any CPU
		{A5C69340-2B3B-40A6-AEDA-D419C352DBD9}.Release|x64.Build.0 = Release|Any CPU
		{A5C69340-2B3B-40A6-AEDA-D419C352DBD9}.Release|x86.ActiveCfg = Release|Any CPU
		{A5C69340-2B3B-40A6-AEDA-D419C352DBD9}.Release|x86.Build.0 = Release|Any CPU
		{C79CC6A5-7C64-4F45-BB78-353EC625AA47}.Debug|Any CPU.ActiveCfg = Debug|Any CPU
		{C79CC6A5-7C64-4F45-BB78-353EC625AA47}.Debug|Any CPU.Build.0 = Debug|Any CPU
		{C79CC6A5-7C64-4F45-BB78-353EC625AA47}.Debug|x64.ActiveCfg = Debug|Any CPU
		{C79CC6A5-7C64-4F45-BB78-353EC625AA47}.Debug|x64.Build.0 = Debug|Any CPU
		{C79CC6A5-7C64-4F45-BB78-353EC625AA47}.Debug|x86.ActiveCfg = Debug|Any CPU
		{C79CC6A5-7C64-4F45-BB78-353EC625AA47}.Debug|x86.Build.0 = Debug|Any CPU
		{C79CC6A5-7C64-4F45-BB78-353EC625AA47}.Release|Any CPU.ActiveCfg = Release|Any CPU
		{C79CC6A5-7C64-4F45-BB78-353EC625AA47}.Release|Any CPU.Build.0 = Release|Any CPU
		{C79CC6A5-7C64-4F45-BB78-353EC625AA47}.Release|x64.ActiveCfg = Release|Any CPU
		{C79CC6A5-7C64-4F45-BB78-353EC625AA47}.Release|x64.Build.0 = Release|Any CPU
		{C79CC6A5-7C64-4F45-BB78-353EC625AA47}.Release|x86.ActiveCfg = Release|Any CPU
		{C79CC6A5-7C64-4F45-BB78-353EC625AA47}.Release|x86.Build.0 = Release|Any CPU
		{EE8B49C9-E832-430C-8D78-E085B1F2610C}.Debug|Any CPU.ActiveCfg = Debug|Any CPU
		{EE8B49C9-E832-430C-8D78-E085B1F2610C}.Debug|Any CPU.Build.0 = Debug|Any CPU
		{EE8B49C9-E832-430C-8D78-E085B1F2610C}.Debug|x64.ActiveCfg = Debug|Any CPU
		{EE8B49C9-E832-430C-8D78-E085B1F2610C}.Debug|x64.Build.0 = Debug|Any CPU
		{EE8B49C9-E832-430C-8D78-E085B1F2610C}.Debug|x86.ActiveCfg = Debug|Any CPU
		{EE8B49C9-E832-430C-8D78-E085B1F2610C}.Debug|x86.Build.0 = Debug|Any CPU
		{EE8B49C9-E832-430C-8D78-E085B1F2610C}.Release|Any CPU.ActiveCfg = Release|Any CPU
		{EE8B49C9-E832-430C-8D78-E085B1F2610C}.Release|Any CPU.Build.0 = Release|Any CPU
		{EE8B49C9-E832-430C-8D78-E085B1F2610C}.Release|x64.ActiveCfg = Release|Any CPU
		{EE8B49C9-E832-430C-8D78-E085B1F2610C}.Release|x64.Build.0 = Release|Any CPU
		{EE8B49C9-E832-430C-8D78-E085B1F2610C}.Release|x86.ActiveCfg = Release|Any CPU
		{EE8B49C9-E832-430C-8D78-E085B1F2610C}.Release|x86.Build.0 = Release|Any CPU
		{0520F811-FD04-41A4-A386-8F30BF310378}.Debug|Any CPU.ActiveCfg = Debug|Any CPU
		{0520F811-FD04-41A4-A386-8F30BF310378}.Debug|Any CPU.Build.0 = Debug|Any CPU
		{0520F811-FD04-41A4-A386-8F30BF310378}.Debug|x64.ActiveCfg = Debug|Any CPU
		{0520F811-FD04-41A4-A386-8F30BF310378}.Debug|x64.Build.0 = Debug|Any CPU
		{0520F811-FD04-41A4-A386-8F30BF310378}.Debug|x86.ActiveCfg = Debug|Any CPU
		{0520F811-FD04-41A4-A386-8F30BF310378}.Debug|x86.Build.0 = Debug|Any CPU
		{0520F811-FD04-41A4-A386-8F30BF310378}.Release|Any CPU.ActiveCfg = Release|Any CPU
		{0520F811-FD04-41A4-A386-8F30BF310378}.Release|Any CPU.Build.0 = Release|Any CPU
		{0520F811-FD04-41A4-A386-8F30BF310378}.Release|x64.ActiveCfg = Release|Any CPU
		{0520F811-FD04-41A4-A386-8F30BF310378}.Release|x64.Build.0 = Release|Any CPU
		{0520F811-FD04-41A4-A386-8F30BF310378}.Release|x86.ActiveCfg = Release|Any CPU
		{0520F811-FD04-41A4-A386-8F30BF310378}.Release|x86.Build.0 = Release|Any CPU
		{FED840E9-A58D-4661-8884-ECE88AD44519}.Debug|Any CPU.ActiveCfg = Debug|Any CPU
		{FED840E9-A58D-4661-8884-ECE88AD44519}.Debug|Any CPU.Build.0 = Debug|Any CPU
		{FED840E9-A58D-4661-8884-ECE88AD44519}.Debug|x64.ActiveCfg = Debug|Any CPU
		{FED840E9-A58D-4661-8884-ECE88AD44519}.Debug|x64.Build.0 = Debug|Any CPU
		{FED840E9-A58D-4661-8884-ECE88AD44519}.Debug|x86.ActiveCfg = Debug|Any CPU
		{FED840E9-A58D-4661-8884-ECE88AD44519}.Debug|x86.Build.0 = Debug|Any CPU
		{FED840E9-A58D-4661-8884-ECE88AD44519}.Release|Any CPU.ActiveCfg = Release|Any CPU
		{FED840E9-A58D-4661-8884-ECE88AD44519}.Release|Any CPU.Build.0 = Release|Any CPU
		{FED840E9-A58D-4661-8884-ECE88AD44519}.Release|x64.ActiveCfg = Release|Any CPU
		{FED840E9-A58D-4661-8884-ECE88AD44519}.Release|x64.Build.0 = Release|Any CPU
		{FED840E9-A58D-4661-8884-ECE88AD44519}.Release|x86.ActiveCfg = Release|Any CPU
		{FED840E9-A58D-4661-8884-ECE88AD44519}.Release|x86.Build.0 = Release|Any CPU
		{17C82910-1EA2-45F0-A017-4003ECBA00C6}.Debug|Any CPU.ActiveCfg = Debug|Any CPU
		{17C82910-1EA2-45F0-A017-4003ECBA00C6}.Debug|Any CPU.Build.0 = Debug|Any CPU
		{17C82910-1EA2-45F0-A017-4003ECBA00C6}.Debug|x64.ActiveCfg = Debug|Any CPU
		{17C82910-1EA2-45F0-A017-4003ECBA00C6}.Debug|x64.Build.0 = Debug|Any CPU
		{17C82910-1EA2-45F0-A017-4003ECBA00C6}.Debug|x86.ActiveCfg = Debug|Any CPU
		{17C82910-1EA2-45F0-A017-4003ECBA00C6}.Debug|x86.Build.0 = Debug|Any CPU
		{17C82910-1EA2-45F0-A017-4003ECBA00C6}.Release|Any CPU.ActiveCfg = Release|Any CPU
		{17C82910-1EA2-45F0-A017-4003ECBA00C6}.Release|Any CPU.Build.0 = Release|Any CPU
		{17C82910-1EA2-45F0-A017-4003ECBA00C6}.Release|x64.ActiveCfg = Release|Any CPU
		{17C82910-1EA2-45F0-A017-4003ECBA00C6}.Release|x64.Build.0 = Release|Any CPU
		{17C82910-1EA2-45F0-A017-4003ECBA00C6}.Release|x86.ActiveCfg = Release|Any CPU
		{17C82910-1EA2-45F0-A017-4003ECBA00C6}.Release|x86.Build.0 = Release|Any CPU
		{D8345D95-3E44-4674-9BDB-DAC751698123}.Debug|Any CPU.ActiveCfg = Debug|Any CPU
		{D8345D95-3E44-4674-9BDB-DAC751698123}.Debug|Any CPU.Build.0 = Debug|Any CPU
		{D8345D95-3E44-4674-9BDB-DAC751698123}.Debug|x64.ActiveCfg = Debug|Any CPU
		{D8345D95-3E44-4674-9BDB-DAC751698123}.Debug|x64.Build.0 = Debug|Any CPU
		{D8345D95-3E44-4674-9BDB-DAC751698123}.Debug|x86.ActiveCfg = Debug|Any CPU
		{D8345D95-3E44-4674-9BDB-DAC751698123}.Debug|x86.Build.0 = Debug|Any CPU
		{D8345D95-3E44-4674-9BDB-DAC751698123}.Release|Any CPU.ActiveCfg = Release|Any CPU
		{D8345D95-3E44-4674-9BDB-DAC751698123}.Release|Any CPU.Build.0 = Release|Any CPU
		{D8345D95-3E44-4674-9BDB-DAC751698123}.Release|x64.ActiveCfg = Release|Any CPU
		{D8345D95-3E44-4674-9BDB-DAC751698123}.Release|x64.Build.0 = Release|Any CPU
		{D8345D95-3E44-4674-9BDB-DAC751698123}.Release|x86.ActiveCfg = Release|Any CPU
		{D8345D95-3E44-4674-9BDB-DAC751698123}.Release|x86.Build.0 = Release|Any CPU
		{11559B6B-6AF3-4E6C-BCE4-5433EFBFAEBB}.Debug|Any CPU.ActiveCfg = Debug|Any CPU
		{11559B6B-6AF3-4E6C-BCE4-5433EFBFAEBB}.Debug|Any CPU.Build.0 = Debug|Any CPU
		{11559B6B-6AF3-4E6C-BCE4-5433EFBFAEBB}.Debug|x64.ActiveCfg = Debug|Any CPU
		{11559B6B-6AF3-4E6C-BCE4-5433EFBFAEBB}.Debug|x64.Build.0 = Debug|Any CPU
		{11559B6B-6AF3-4E6C-BCE4-5433EFBFAEBB}.Debug|x86.ActiveCfg = Debug|Any CPU
		{11559B6B-6AF3-4E6C-BCE4-5433EFBFAEBB}.Debug|x86.Build.0 = Debug|Any CPU
		{11559B6B-6AF3-4E6C-BCE4-5433EFBFAEBB}.Release|Any CPU.ActiveCfg = Release|Any CPU
		{11559B6B-6AF3-4E6C-BCE4-5433EFBFAEBB}.Release|Any CPU.Build.0 = Release|Any CPU
		{11559B6B-6AF3-4E6C-BCE4-5433EFBFAEBB}.Release|x64.ActiveCfg = Release|Any CPU
		{11559B6B-6AF3-4E6C-BCE4-5433EFBFAEBB}.Release|x64.Build.0 = Release|Any CPU
		{11559B6B-6AF3-4E6C-BCE4-5433EFBFAEBB}.Release|x86.ActiveCfg = Release|Any CPU
		{11559B6B-6AF3-4E6C-BCE4-5433EFBFAEBB}.Release|x86.Build.0 = Release|Any CPU
		{09716785-E8E1-4CCA-A765-8E96BAA48257}.Debug|Any CPU.ActiveCfg = Debug|Any CPU
		{09716785-E8E1-4CCA-A765-8E96BAA48257}.Debug|Any CPU.Build.0 = Debug|Any CPU
		{09716785-E8E1-4CCA-A765-8E96BAA48257}.Debug|x64.ActiveCfg = Debug|Any CPU
		{09716785-E8E1-4CCA-A765-8E96BAA48257}.Debug|x64.Build.0 = Debug|Any CPU
		{09716785-E8E1-4CCA-A765-8E96BAA48257}.Debug|x86.ActiveCfg = Debug|Any CPU
		{09716785-E8E1-4CCA-A765-8E96BAA48257}.Debug|x86.Build.0 = Debug|Any CPU
		{09716785-E8E1-4CCA-A765-8E96BAA48257}.Release|Any CPU.ActiveCfg = Release|Any CPU
		{09716785-E8E1-4CCA-A765-8E96BAA48257}.Release|Any CPU.Build.0 = Release|Any CPU
		{09716785-E8E1-4CCA-A765-8E96BAA48257}.Release|x64.ActiveCfg = Release|Any CPU
		{09716785-E8E1-4CCA-A765-8E96BAA48257}.Release|x64.Build.0 = Release|Any CPU
		{09716785-E8E1-4CCA-A765-8E96BAA48257}.Release|x86.ActiveCfg = Release|Any CPU
		{09716785-E8E1-4CCA-A765-8E96BAA48257}.Release|x86.Build.0 = Release|Any CPU
		{6E7E72AB-26CF-4B9D-8FF8-96D882B9D4A4}.Debug|Any CPU.ActiveCfg = Debug|Any CPU
		{6E7E72AB-26CF-4B9D-8FF8-96D882B9D4A4}.Debug|Any CPU.Build.0 = Debug|Any CPU
		{6E7E72AB-26CF-4B9D-8FF8-96D882B9D4A4}.Debug|x64.ActiveCfg = Debug|Any CPU
		{6E7E72AB-26CF-4B9D-8FF8-96D882B9D4A4}.Debug|x64.Build.0 = Debug|Any CPU
		{6E7E72AB-26CF-4B9D-8FF8-96D882B9D4A4}.Debug|x86.ActiveCfg = Debug|Any CPU
		{6E7E72AB-26CF-4B9D-8FF8-96D882B9D4A4}.Debug|x86.Build.0 = Debug|Any CPU
		{6E7E72AB-26CF-4B9D-8FF8-96D882B9D4A4}.Release|Any CPU.ActiveCfg = Release|Any CPU
		{6E7E72AB-26CF-4B9D-8FF8-96D882B9D4A4}.Release|Any CPU.Build.0 = Release|Any CPU
		{6E7E72AB-26CF-4B9D-8FF8-96D882B9D4A4}.Release|x64.ActiveCfg = Release|Any CPU
		{6E7E72AB-26CF-4B9D-8FF8-96D882B9D4A4}.Release|x64.Build.0 = Release|Any CPU
		{6E7E72AB-26CF-4B9D-8FF8-96D882B9D4A4}.Release|x86.ActiveCfg = Release|Any CPU
		{6E7E72AB-26CF-4B9D-8FF8-96D882B9D4A4}.Release|x86.Build.0 = Release|Any CPU
		{E1CD4EFF-E91D-4E40-B3A8-99B072EE00E8}.Debug|Any CPU.ActiveCfg = Debug|Any CPU
		{E1CD4EFF-E91D-4E40-B3A8-99B072EE00E8}.Debug|Any CPU.Build.0 = Debug|Any CPU
		{E1CD4EFF-E91D-4E40-B3A8-99B072EE00E8}.Debug|x64.ActiveCfg = Debug|Any CPU
		{E1CD4EFF-E91D-4E40-B3A8-99B072EE00E8}.Debug|x64.Build.0 = Debug|Any CPU
		{E1CD4EFF-E91D-4E40-B3A8-99B072EE00E8}.Debug|x86.ActiveCfg = Debug|Any CPU
		{E1CD4EFF-E91D-4E40-B3A8-99B072EE00E8}.Debug|x86.Build.0 = Debug|Any CPU
		{E1CD4EFF-E91D-4E40-B3A8-99B072EE00E8}.Release|Any CPU.ActiveCfg = Release|Any CPU
		{E1CD4EFF-E91D-4E40-B3A8-99B072EE00E8}.Release|Any CPU.Build.0 = Release|Any CPU
		{E1CD4EFF-E91D-4E40-B3A8-99B072EE00E8}.Release|x64.ActiveCfg = Release|Any CPU
		{E1CD4EFF-E91D-4E40-B3A8-99B072EE00E8}.Release|x64.Build.0 = Release|Any CPU
		{E1CD4EFF-E91D-4E40-B3A8-99B072EE00E8}.Release|x86.ActiveCfg = Release|Any CPU
		{E1CD4EFF-E91D-4E40-B3A8-99B072EE00E8}.Release|x86.Build.0 = Release|Any CPU
		{3272DC93-1B89-40C2-B186-57775426538F}.Debug|Any CPU.ActiveCfg = Debug|Any CPU
		{3272DC93-1B89-40C2-B186-57775426538F}.Debug|Any CPU.Build.0 = Debug|Any CPU
		{3272DC93-1B89-40C2-B186-57775426538F}.Debug|x64.ActiveCfg = Debug|Any CPU
		{3272DC93-1B89-40C2-B186-57775426538F}.Debug|x64.Build.0 = Debug|Any CPU
		{3272DC93-1B89-40C2-B186-57775426538F}.Debug|x86.ActiveCfg = Debug|Any CPU
		{3272DC93-1B89-40C2-B186-57775426538F}.Debug|x86.Build.0 = Debug|Any CPU
		{3272DC93-1B89-40C2-B186-57775426538F}.Release|Any CPU.ActiveCfg = Release|Any CPU
		{3272DC93-1B89-40C2-B186-57775426538F}.Release|Any CPU.Build.0 = Release|Any CPU
		{3272DC93-1B89-40C2-B186-57775426538F}.Release|x64.ActiveCfg = Release|Any CPU
		{3272DC93-1B89-40C2-B186-57775426538F}.Release|x64.Build.0 = Release|Any CPU
		{3272DC93-1B89-40C2-B186-57775426538F}.Release|x86.ActiveCfg = Release|Any CPU
		{3272DC93-1B89-40C2-B186-57775426538F}.Release|x86.Build.0 = Release|Any CPU
		{2C299349-142F-4C1C-A449-1C36645864F4}.Debug|Any CPU.ActiveCfg = Debug|Any CPU
		{2C299349-142F-4C1C-A449-1C36645864F4}.Debug|Any CPU.Build.0 = Debug|Any CPU
		{2C299349-142F-4C1C-A449-1C36645864F4}.Debug|x64.ActiveCfg = Debug|Any CPU
		{2C299349-142F-4C1C-A449-1C36645864F4}.Debug|x64.Build.0 = Debug|Any CPU
		{2C299349-142F-4C1C-A449-1C36645864F4}.Debug|x86.ActiveCfg = Debug|Any CPU
		{2C299349-142F-4C1C-A449-1C36645864F4}.Debug|x86.Build.0 = Debug|Any CPU
		{2C299349-142F-4C1C-A449-1C36645864F4}.Release|Any CPU.ActiveCfg = Release|Any CPU
		{2C299349-142F-4C1C-A449-1C36645864F4}.Release|Any CPU.Build.0 = Release|Any CPU
		{2C299349-142F-4C1C-A449-1C36645864F4}.Release|x64.ActiveCfg = Release|Any CPU
		{2C299349-142F-4C1C-A449-1C36645864F4}.Release|x64.Build.0 = Release|Any CPU
		{2C299349-142F-4C1C-A449-1C36645864F4}.Release|x86.ActiveCfg = Release|Any CPU
		{2C299349-142F-4C1C-A449-1C36645864F4}.Release|x86.Build.0 = Release|Any CPU
		{2828EBAF-B43F-46E5-9227-68063D44DB9F}.Debug|Any CPU.ActiveCfg = Debug|Any CPU
		{2828EBAF-B43F-46E5-9227-68063D44DB9F}.Debug|Any CPU.Build.0 = Debug|Any CPU
		{2828EBAF-B43F-46E5-9227-68063D44DB9F}.Debug|x64.ActiveCfg = Debug|Any CPU
		{2828EBAF-B43F-46E5-9227-68063D44DB9F}.Debug|x64.Build.0 = Debug|Any CPU
		{2828EBAF-B43F-46E5-9227-68063D44DB9F}.Debug|x86.ActiveCfg = Debug|Any CPU
		{2828EBAF-B43F-46E5-9227-68063D44DB9F}.Debug|x86.Build.0 = Debug|Any CPU
		{2828EBAF-B43F-46E5-9227-68063D44DB9F}.Release|Any CPU.ActiveCfg = Release|Any CPU
		{2828EBAF-B43F-46E5-9227-68063D44DB9F}.Release|Any CPU.Build.0 = Release|Any CPU
		{2828EBAF-B43F-46E5-9227-68063D44DB9F}.Release|x64.ActiveCfg = Release|Any CPU
		{2828EBAF-B43F-46E5-9227-68063D44DB9F}.Release|x64.Build.0 = Release|Any CPU
		{2828EBAF-B43F-46E5-9227-68063D44DB9F}.Release|x86.ActiveCfg = Release|Any CPU
		{2828EBAF-B43F-46E5-9227-68063D44DB9F}.Release|x86.Build.0 = Release|Any CPU
		{9F1CCFF0-52EA-404B-A063-EDD86A278F17}.Debug|Any CPU.ActiveCfg = Debug|Any CPU
		{9F1CCFF0-52EA-404B-A063-EDD86A278F17}.Debug|Any CPU.Build.0 = Debug|Any CPU
		{9F1CCFF0-52EA-404B-A063-EDD86A278F17}.Debug|x64.ActiveCfg = Debug|Any CPU
		{9F1CCFF0-52EA-404B-A063-EDD86A278F17}.Debug|x64.Build.0 = Debug|Any CPU
		{9F1CCFF0-52EA-404B-A063-EDD86A278F17}.Debug|x86.ActiveCfg = Debug|Any CPU
		{9F1CCFF0-52EA-404B-A063-EDD86A278F17}.Debug|x86.Build.0 = Debug|Any CPU
		{9F1CCFF0-52EA-404B-A063-EDD86A278F17}.Release|Any CPU.ActiveCfg = Release|Any CPU
		{9F1CCFF0-52EA-404B-A063-EDD86A278F17}.Release|Any CPU.Build.0 = Release|Any CPU
		{9F1CCFF0-52EA-404B-A063-EDD86A278F17}.Release|x64.ActiveCfg = Release|Any CPU
		{9F1CCFF0-52EA-404B-A063-EDD86A278F17}.Release|x64.Build.0 = Release|Any CPU
		{9F1CCFF0-52EA-404B-A063-EDD86A278F17}.Release|x86.ActiveCfg = Release|Any CPU
		{9F1CCFF0-52EA-404B-A063-EDD86A278F17}.Release|x86.Build.0 = Release|Any CPU
		{E1499DAB-BB25-4608-AC21-44F90E4DF079}.Debug|Any CPU.ActiveCfg = Debug|Any CPU
		{E1499DAB-BB25-4608-AC21-44F90E4DF079}.Debug|Any CPU.Build.0 = Debug|Any CPU
		{E1499DAB-BB25-4608-AC21-44F90E4DF079}.Debug|x64.ActiveCfg = Debug|Any CPU
		{E1499DAB-BB25-4608-AC21-44F90E4DF079}.Debug|x64.Build.0 = Debug|Any CPU
		{E1499DAB-BB25-4608-AC21-44F90E4DF079}.Debug|x86.ActiveCfg = Debug|Any CPU
		{E1499DAB-BB25-4608-AC21-44F90E4DF079}.Debug|x86.Build.0 = Debug|Any CPU
		{E1499DAB-BB25-4608-AC21-44F90E4DF079}.Release|Any CPU.ActiveCfg = Release|Any CPU
		{E1499DAB-BB25-4608-AC21-44F90E4DF079}.Release|Any CPU.Build.0 = Release|Any CPU
		{E1499DAB-BB25-4608-AC21-44F90E4DF079}.Release|x64.ActiveCfg = Release|Any CPU
		{E1499DAB-BB25-4608-AC21-44F90E4DF079}.Release|x64.Build.0 = Release|Any CPU
		{E1499DAB-BB25-4608-AC21-44F90E4DF079}.Release|x86.ActiveCfg = Release|Any CPU
		{E1499DAB-BB25-4608-AC21-44F90E4DF079}.Release|x86.Build.0 = Release|Any CPU
		{11CBDFCF-14C2-4B64-9394-142B011C5432}.Debug|Any CPU.ActiveCfg = Debug|Any CPU
		{11CBDFCF-14C2-4B64-9394-142B011C5432}.Debug|Any CPU.Build.0 = Debug|Any CPU
		{11CBDFCF-14C2-4B64-9394-142B011C5432}.Debug|x64.ActiveCfg = Debug|Any CPU
		{11CBDFCF-14C2-4B64-9394-142B011C5432}.Debug|x64.Build.0 = Debug|Any CPU
		{11CBDFCF-14C2-4B64-9394-142B011C5432}.Debug|x86.ActiveCfg = Debug|Any CPU
		{11CBDFCF-14C2-4B64-9394-142B011C5432}.Debug|x86.Build.0 = Debug|Any CPU
		{11CBDFCF-14C2-4B64-9394-142B011C5432}.Release|Any CPU.ActiveCfg = Release|Any CPU
		{11CBDFCF-14C2-4B64-9394-142B011C5432}.Release|Any CPU.Build.0 = Release|Any CPU
		{11CBDFCF-14C2-4B64-9394-142B011C5432}.Release|x64.ActiveCfg = Release|Any CPU
		{11CBDFCF-14C2-4B64-9394-142B011C5432}.Release|x64.Build.0 = Release|Any CPU
		{11CBDFCF-14C2-4B64-9394-142B011C5432}.Release|x86.ActiveCfg = Release|Any CPU
		{11CBDFCF-14C2-4B64-9394-142B011C5432}.Release|x86.Build.0 = Release|Any CPU
		{2040E830-F8B7-4E2F-BAF0-D99C92782B57}.Debug|Any CPU.ActiveCfg = Debug|Any CPU
		{2040E830-F8B7-4E2F-BAF0-D99C92782B57}.Debug|Any CPU.Build.0 = Debug|Any CPU
		{2040E830-F8B7-4E2F-BAF0-D99C92782B57}.Debug|x64.ActiveCfg = Debug|Any CPU
		{2040E830-F8B7-4E2F-BAF0-D99C92782B57}.Debug|x64.Build.0 = Debug|Any CPU
		{2040E830-F8B7-4E2F-BAF0-D99C92782B57}.Debug|x86.ActiveCfg = Debug|Any CPU
		{2040E830-F8B7-4E2F-BAF0-D99C92782B57}.Debug|x86.Build.0 = Debug|Any CPU
		{2040E830-F8B7-4E2F-BAF0-D99C92782B57}.Release|Any CPU.ActiveCfg = Release|Any CPU
		{2040E830-F8B7-4E2F-BAF0-D99C92782B57}.Release|Any CPU.Build.0 = Release|Any CPU
		{2040E830-F8B7-4E2F-BAF0-D99C92782B57}.Release|x64.ActiveCfg = Release|Any CPU
		{2040E830-F8B7-4E2F-BAF0-D99C92782B57}.Release|x64.Build.0 = Release|Any CPU
		{2040E830-F8B7-4E2F-BAF0-D99C92782B57}.Release|x86.ActiveCfg = Release|Any CPU
		{2040E830-F8B7-4E2F-BAF0-D99C92782B57}.Release|x86.Build.0 = Release|Any CPU
		{576287E1-F5D0-4848-9267-96F4011DF478}.Debug|Any CPU.ActiveCfg = Debug|Any CPU
		{576287E1-F5D0-4848-9267-96F4011DF478}.Debug|Any CPU.Build.0 = Debug|Any CPU
		{576287E1-F5D0-4848-9267-96F4011DF478}.Debug|x64.ActiveCfg = Debug|Any CPU
		{576287E1-F5D0-4848-9267-96F4011DF478}.Debug|x64.Build.0 = Debug|Any CPU
		{576287E1-F5D0-4848-9267-96F4011DF478}.Debug|x86.ActiveCfg = Debug|Any CPU
		{576287E1-F5D0-4848-9267-96F4011DF478}.Debug|x86.Build.0 = Debug|Any CPU
		{576287E1-F5D0-4848-9267-96F4011DF478}.Release|Any CPU.ActiveCfg = Release|Any CPU
		{576287E1-F5D0-4848-9267-96F4011DF478}.Release|Any CPU.Build.0 = Release|Any CPU
		{576287E1-F5D0-4848-9267-96F4011DF478}.Release|x64.ActiveCfg = Release|Any CPU
		{576287E1-F5D0-4848-9267-96F4011DF478}.Release|x64.Build.0 = Release|Any CPU
		{576287E1-F5D0-4848-9267-96F4011DF478}.Release|x86.ActiveCfg = Release|Any CPU
		{576287E1-F5D0-4848-9267-96F4011DF478}.Release|x86.Build.0 = Release|Any CPU
	EndGlobalSection
	GlobalSection(SolutionProperties) = preSolution
		HideSolutionNode = FALSE
	EndGlobalSection
	GlobalSection(NestedProjects) = preSolution
		{C33A11B5-8499-F37B-A052-6CE695C60D4A} = {9A0CCAB9-4303-13B4-2371-F1B97FF5B728}
		{7A993C69-9D74-4AB8-AB9E-3933C7A4835E} = {C33A11B5-8499-F37B-A052-6CE695C60D4A}
		{DFD2A689-9068-418F-B008-2B24F0EAEF2D} = {C33A11B5-8499-F37B-A052-6CE695C60D4A}
		{538D0126-D5A0-48F8-A65E-7262A5120CB0} = {C33A11B5-8499-F37B-A052-6CE695C60D4A}
		{DB321C1C-33AC-4066-B2A6-B53CC22E202E} = {C33A11B5-8499-F37B-A052-6CE695C60D4A}
		{47C401C8-2496-45B6-B889-C113B6E4D318} = {C33A11B5-8499-F37B-A052-6CE695C60D4A}
		{0574C1A8-CD20-456F-A1F6-0074BB53B20D} = {C33A11B5-8499-F37B-A052-6CE695C60D4A}
		{420B5136-E56B-6685-B322-AB6AB30BAA61} = {9A0CCAB9-4303-13B4-2371-F1B97FF5B728}
		{7EBF774E-104F-48A4-AF60-4A7EC92E6615} = {420B5136-E56B-6685-B322-AB6AB30BAA61}
		{23498846-B9B8-484C-8454-D15D89BC086B} = {420B5136-E56B-6685-B322-AB6AB30BAA61}
		{A5C69340-2B3B-40A6-AEDA-D419C352DBD9} = {420B5136-E56B-6685-B322-AB6AB30BAA61}
		{C79CC6A5-7C64-4F45-BB78-353EC625AA47} = {420B5136-E56B-6685-B322-AB6AB30BAA61}
		{8637373A-B736-A9E6-1423-0B847DE74C4C} = {9A0CCAB9-4303-13B4-2371-F1B97FF5B728}
		{EE8B49C9-E832-430C-8D78-E085B1F2610C} = {8637373A-B736-A9E6-1423-0B847DE74C4C}
		{A1FADE4B-3756-540A-C571-402F0DB1A54E} = {9A0CCAB9-4303-13B4-2371-F1B97FF5B728}
		{0520F811-FD04-41A4-A386-8F30BF310378} = {A1FADE4B-3756-540A-C571-402F0DB1A54E}
		{FED840E9-A58D-4661-8884-ECE88AD44519} = {A1FADE4B-3756-540A-C571-402F0DB1A54E}
		{17C82910-1EA2-45F0-A017-4003ECBA00C6} = {A1FADE4B-3756-540A-C571-402F0DB1A54E}
		{91F8661D-D5FF-119B-76C7-2179EBDF43C6} = {9A0CCAB9-4303-13B4-2371-F1B97FF5B728}
		{D8345D95-3E44-4674-9BDB-DAC751698123} = {91F8661D-D5FF-119B-76C7-2179EBDF43C6}
		{11559B6B-6AF3-4E6C-BCE4-5433EFBFAEBB} = {91F8661D-D5FF-119B-76C7-2179EBDF43C6}
		{E8CC051A-B9DA-ED33-DC16-5BADC5B96054} = {9A0CCAB9-4303-13B4-2371-F1B97FF5B728}
		{09716785-E8E1-4CCA-A765-8E96BAA48257} = {E8CC051A-B9DA-ED33-DC16-5BADC5B96054}
		{6E7E72AB-26CF-4B9D-8FF8-96D882B9D4A4} = {E8CC051A-B9DA-ED33-DC16-5BADC5B96054}
		{E1CD4EFF-E91D-4E40-B3A8-99B072EE00E8} = {E8CC051A-B9DA-ED33-DC16-5BADC5B96054}
		{776AB0BF-F179-2C71-EA91-01022987C95E} = {9A0CCAB9-4303-13B4-2371-F1B97FF5B728}
		{3272DC93-1B89-40C2-B186-57775426538F} = {776AB0BF-F179-2C71-EA91-01022987C95E}
		{2C299349-142F-4C1C-A449-1C36645864F4} = {776AB0BF-F179-2C71-EA91-01022987C95E}
		{2828EBAF-B43F-46E5-9227-68063D44DB9F} = {776AB0BF-F179-2C71-EA91-01022987C95E}
		{9F1CCFF0-52EA-404B-A063-EDD86A278F17} = {776AB0BF-F179-2C71-EA91-01022987C95E}
		{E1499DAB-BB25-4608-AC21-44F90E4DF079} = {776AB0BF-F179-2C71-EA91-01022987C95E}
		{BF25F13E-8230-9829-71C2-69F4CD13102F} = {9A0CCAB9-4303-13B4-2371-F1B97FF5B728}
		{11CBDFCF-14C2-4B64-9394-142B011C5432} = {BF25F13E-8230-9829-71C2-69F4CD13102F}
		{2040E830-F8B7-4E2F-BAF0-D99C92782B57} = {BF25F13E-8230-9829-71C2-69F4CD13102F}
		{576287E1-F5D0-4848-9267-96F4011DF478} = {BF25F13E-8230-9829-71C2-69F4CD13102F}
	EndGlobalSection
	GlobalSection(ExtensibilityGlobals) = postSolution
		SolutionGuid = {B321539D-9091-4512-8FC0-3B49C9F0F462}
	EndGlobalSection
EndGlobal
